
Microsoft Visual Studio Solution File, Format Version 12.00
# Visual Studio Version 16
VisualStudioVersion = 16.0.30011.22
MinimumVisualStudioVersion = 10.0.40219.1
Project("{9A19103F-16F7-4668-BE54-9A1E7A4F7556}") = "Models", "Models\Models.csproj", "{D494481F-3B4E-497D-A8E7-8001657AAB70}"
EndProject
Project("{9A19103F-16F7-4668-BE54-9A1E7A4F7556}") = "Repository", "Repository\Repository.csproj", "{906CBBCB-4447-431F-9899-C5C09C455791}"
EndProject
Project("{9A19103F-16F7-4668-BE54-9A1E7A4F7556}") = "FormsLibrary", "FormsLibrary\FormsLibrary.csproj", "{66A98663-E089-4049-AA39-5B3B29C8CF46}"
EndProject
Project("{9A19103F-16F7-4668-BE54-9A1E7A4F7556}") = "App", "App\App.csproj", "{BB41B80A-DD18-4647-B93C-B6FB6CFE7B0C}"
EndProject
Global
	GlobalSection(SolutionConfigurationPlatforms) = preSolution
		Debug|Any CPU = Debug|Any CPU
		Release|Any CPU = Release|Any CPU
	EndGlobalSection
	GlobalSection(ProjectConfigurationPlatforms) = postSolution
		{D494481F-3B4E-497D-A8E7-8001657AAB70}.Debug|Any CPU.ActiveCfg = Debug|Any CPU
		{D494481F-3B4E-497D-A8E7-8001657AAB70}.Debug|Any CPU.Build.0 = Debug|Any CPU
		{D494481F-3B4E-497D-A8E7-8001657AAB70}.Release|Any CPU.ActiveCfg = Release|Any CPU
		{D494481F-3B4E-497D-A8E7-8001657AAB70}.Release|Any CPU.Build.0 = Release|Any CPU
		{906CBBCB-4447-431F-9899-C5C09C455791}.Debug|Any CPU.ActiveCfg = Debug|Any CPU
		{906CBBCB-4447-431F-9899-C5C09C455791}.Debug|Any CPU.Build.0 = Debug|Any CPU
		{906CBBCB-4447-431F-9899-C5C09C455791}.Release|Any CPU.ActiveCfg = Release|Any CPU
		{906CBBCB-4447-431F-9899-C5C09C455791}.Release|Any CPU.Build.0 = Release|Any CPU
		{66A98663-E089-4049-AA39-5B3B29C8CF46}.Debug|Any CPU.ActiveCfg = Debug|Any CPU
		{66A98663-E089-4049-AA39-5B3B29C8CF46}.Debug|Any CPU.Build.0 = Debug|Any CPU
		{66A98663-E089-4049-AA39-5B3B29C8CF46}.Release|Any CPU.ActiveCfg = Release|Any CPU
		{66A98663-E089-4049-AA39-5B3B29C8CF46}.Release|Any CPU.Build.0 = Release|Any CPU
		{BB41B80A-DD18-4647-B93C-B6FB6CFE7B0C}.Debug|Any CPU.ActiveCfg = Debug|Any CPU
		{BB41B80A-DD18-4647-B93C-B6FB6CFE7B0C}.Debug|Any CPU.Build.0 = Debug|Any CPU
		{BB41B80A-DD18-4647-B93C-B6FB6CFE7B0C}.Release|Any CPU.ActiveCfg = Release|Any CPU
		{BB41B80A-DD18-4647-B93C-B6FB6CFE7B0C}.Release|Any CPU.Build.0 = Release|Any CPU
	EndGlobalSection
	GlobalSection(SolutionProperties) = preSolution
		HideSolutionNode = FALSE
	EndGlobalSection
	GlobalSection(ExtensibilityGlobals) = postSolution
		SolutionGuid = {29F1FC35-79DC-4B10-B88E-812088AEE2EA}
	EndGlobalSection
EndGlobal
